// !$*UTF8*$!
{
	archiveVersion = 1;
	classes = {
	};
	objectVersion = 55;
	objects = {

/* Begin PBXBuildFile section */
		4991B17A2823172600119DC1 /* VirtualCameraApp.swift in Sources */ = {isa = PBXBuildFile; fileRef = 4991B1792823172600119DC1 /* VirtualCameraApp.swift */; };
		4991B17C2823172600119DC1 /* ActivateExtensionView.swift in Sources */ = {isa = PBXBuildFile; fileRef = 4991B17B2823172600119DC1 /* ActivateExtensionView.swift */; };
		4991B17E2823172700119DC1 /* Assets.xcassets in Resources */ = {isa = PBXBuildFile; fileRef = 4991B17D2823172700119DC1 /* Assets.xcassets */; };
		4991B1812823172700119DC1 /* Preview Assets.xcassets in Resources */ = {isa = PBXBuildFile; fileRef = 4991B1802823172700119DC1 /* Preview Assets.xcassets */; };
		4991B18F2823175300119DC1 /* VirtualCameraExtensionProvider.swift in Sources */ = {isa = PBXBuildFile; fileRef = 4991B18E2823175300119DC1 /* VirtualCameraExtensionProvider.swift */; };
		4991B1912823175300119DC1 /* main.swift in Sources */ = {isa = PBXBuildFile; fileRef = 4991B1902823175300119DC1 /* main.swift */; };
		4991B19B28231EF300119DC1 /* com.darknoon.VirtualCamera.avextension.systemextension in Embed System Extensions */ = {isa = PBXBuildFile; fileRef = 4991B18C2823175300119DC1 /* com.darknoon.VirtualCamera.avextension.systemextension */; settings = {ATTRIBUTES = (RemoveHeadersOnCopy, ); }; };
		4991B19E28233B5E00119DC1 /* SystemExtensionActivationRequestor.swift in Sources */ = {isa = PBXBuildFile; fileRef = 4991B19D28233B5E00119DC1 /* SystemExtensionActivationRequestor.swift */; };
/* End PBXBuildFile section */

/* Begin PBXContainerItemProxy section */
		4991B1942823175300119DC1 /* PBXContainerItemProxy */ = {
			isa = PBXContainerItemProxy;
			containerPortal = 4991B16E2823172600119DC1 /* Project object */;
			proxyType = 1;
			remoteGlobalIDString = 4991B18B2823175300119DC1;
			remoteInfo = VirtualCameraExtension;
		};
/* End PBXContainerItemProxy section */

/* Begin PBXCopyFilesBuildPhase section */
		4991B19A2823175300119DC1 /* Embed System Extensions */ = {
			isa = PBXCopyFilesBuildPhase;
			buildActionMask = 2147483647;
			dstPath = "$(SYSTEM_EXTENSIONS_FOLDER_PATH)";
			dstSubfolderSpec = 16;
			files = (
				4991B19B28231EF300119DC1 /* com.darknoon.VirtualCamera.avextension.systemextension in Embed System Extensions */,
			);
			name = "Embed System Extensions";
			runOnlyForDeploymentPostprocessing = 0;
		};
/* End PBXCopyFilesBuildPhase section */

/* Begin PBXFileReference section */
		4991B1762823172600119DC1 /* VirtualCamera.app */ = {isa = PBXFileReference; explicitFileType = wrapper.application; includeInIndex = 0; path = VirtualCamera.app; sourceTree = BUILT_PRODUCTS_DIR; };
		4991B1792823172600119DC1 /* VirtualCameraApp.swift */ = {isa = PBXFileReference; lastKnownFileType = sourcecode.swift; path = VirtualCameraApp.swift; sourceTree = "<group>"; };
		4991B17B2823172600119DC1 /* ActivateExtensionView.swift */ = {isa = PBXFileReference; lastKnownFileType = sourcecode.swift; path = ActivateExtensionView.swift; sourceTree = "<group>"; };
		4991B17D2823172700119DC1 /* Assets.xcassets */ = {isa = PBXFileReference; lastKnownFileType = folder.assetcatalog; path = Assets.xcassets; sourceTree = "<group>"; };
		4991B1802823172700119DC1 /* Preview Assets.xcassets */ = {isa = PBXFileReference; lastKnownFileType = folder.assetcatalog; path = "Preview Assets.xcassets"; sourceTree = "<group>"; };
		4991B1822823172700119DC1 /* VirtualCamera.entitlements */ = {isa = PBXFileReference; lastKnownFileType = text.plist.entitlements; path = VirtualCamera.entitlements; sourceTree = "<group>"; };
		4991B18C2823175300119DC1 /* com.darknoon.VirtualCamera.avextension.systemextension */ = {isa = PBXFileReference; explicitFileType = "wrapper.system-extension"; includeInIndex = 0; path = com.darknoon.VirtualCamera.avextension.systemextension; sourceTree = BUILT_PRODUCTS_DIR; };
		4991B18E2823175300119DC1 /* VirtualCameraExtensionProvider.swift */ = {isa = PBXFileReference; lastKnownFileType = sourcecode.swift; path = VirtualCameraExtensionProvider.swift; sourceTree = "<group>"; };
		4991B1902823175300119DC1 /* main.swift */ = {isa = PBXFileReference; lastKnownFileType = sourcecode.swift; path = main.swift; sourceTree = "<group>"; };
		4991B1922823175300119DC1 /* Info.plist */ = {isa = PBXFileReference; lastKnownFileType = text.plist.xml; path = Info.plist; sourceTree = "<group>"; };
		4991B1932823175300119DC1 /* VirtualCameraExtension.entitlements */ = {isa = PBXFileReference; lastKnownFileType = text.plist.entitlements; path = VirtualCameraExtension.entitlements; sourceTree = "<group>"; };
		4991B19D28233B5E00119DC1 /* SystemExtensionActivationRequestor.swift */ = {isa = PBXFileReference; lastKnownFileType = sourcecode.swift; path = SystemExtensionActivationRequestor.swift; sourceTree = "<group>"; };
/* End PBXFileReference section */

/* Begin PBXFrameworksBuildPhase section */
		4991B1732823172600119DC1 /* Frameworks */ = {
			isa = PBXFrameworksBuildPhase;
			buildActionMask = 2147483647;
			files = (
			);
			runOnlyForDeploymentPostprocessing = 0;
		};
		4991B1892823175300119DC1 /* Frameworks */ = {
			isa = PBXFrameworksBuildPhase;
			buildActionMask = 2147483647;
			files = (
			);
			runOnlyForDeploymentPostprocessing = 0;
		};
/* End PBXFrameworksBuildPhase section */

/* Begin PBXGroup section */
		4991B16D2823172600119DC1 = {
			isa = PBXGroup;
			children = (
				4991B1782823172600119DC1 /* VirtualCamera */,
				4991B18D2823175300119DC1 /* VirtualCameraExtension */,
				4991B1772823172600119DC1 /* Products */,
			);
			sourceTree = "<group>";
		};
		4991B1772823172600119DC1 /* Products */ = {
			isa = PBXGroup;
			children = (
				4991B1762823172600119DC1 /* VirtualCamera.app */,
				4991B18C2823175300119DC1 /* com.darknoon.VirtualCamera.avextension.systemextension */,
			);
			name = Products;
			sourceTree = "<group>";
		};
		4991B1782823172600119DC1 /* VirtualCamera */ = {
			isa = PBXGroup;
			children = (
				4991B1792823172600119DC1 /* VirtualCameraApp.swift */,
				4991B17B2823172600119DC1 /* ActivateExtensionView.swift */,
				4991B19D28233B5E00119DC1 /* SystemExtensionActivationRequestor.swift */,
				4991B17D2823172700119DC1 /* Assets.xcassets */,
				4991B1822823172700119DC1 /* VirtualCamera.entitlements */,
				4991B17F2823172700119DC1 /* Preview Content */,
			);
			path = VirtualCamera;
			sourceTree = "<group>";
		};
		4991B17F2823172700119DC1 /* Preview Content */ = {
			isa = PBXGroup;
			children = (
				4991B1802823172700119DC1 /* Preview Assets.xcassets */,
			);
			path = "Preview Content";
			sourceTree = "<group>";
		};
		4991B18D2823175300119DC1 /* VirtualCameraExtension */ = {
			isa = PBXGroup;
			children = (
				4991B18E2823175300119DC1 /* VirtualCameraExtensionProvider.swift */,
				4991B1902823175300119DC1 /* main.swift */,
				4991B1922823175300119DC1 /* Info.plist */,
				4991B1932823175300119DC1 /* VirtualCameraExtension.entitlements */,
			);
			path = VirtualCameraExtension;
			sourceTree = "<group>";
		};
/* End PBXGroup section */

/* Begin PBXNativeTarget section */
		4991B1752823172600119DC1 /* VirtualCamera */ = {
			isa = PBXNativeTarget;
			buildConfigurationList = 4991B1852823172700119DC1 /* Build configuration list for PBXNativeTarget "VirtualCamera" */;
			buildPhases = (
				4991B1722823172600119DC1 /* Sources */,
				4991B1732823172600119DC1 /* Frameworks */,
				4991B1742823172600119DC1 /* Resources */,
				4991B19A2823175300119DC1 /* Embed System Extensions */,
				49394588282347A5005B8713 /* ShellScript */,
			);
			buildRules = (
			);
			dependencies = (
				4991B1952823175300119DC1 /* PBXTargetDependency */,
			);
			name = VirtualCamera;
			productName = VirtualCamera;
			productReference = 4991B1762823172600119DC1 /* VirtualCamera.app */;
			productType = "com.apple.product-type.application";
		};
		4991B18B2823175300119DC1 /* AVExtension */ = {
			isa = PBXNativeTarget;
			buildConfigurationList = 4991B1972823175300119DC1 /* Build configuration list for PBXNativeTarget "AVExtension" */;
			buildPhases = (
				4991B1882823175300119DC1 /* Sources */,
				4991B1892823175300119DC1 /* Frameworks */,
				4991B18A2823175300119DC1 /* Resources */,
			);
			buildRules = (
			);
			dependencies = (
			);
			name = AVExtension;
			productName = VirtualCameraExtension;
			productReference = 4991B18C2823175300119DC1 /* com.darknoon.VirtualCamera.avextension.systemextension */;
			productType = "com.apple.product-type.system-extension";
		};
/* End PBXNativeTarget section */

/* Begin PBXProject section */
		4991B16E2823172600119DC1 /* Project object */ = {
			isa = PBXProject;
			attributes = {
				BuildIndependentTargetsInParallel = 1;
				LastSwiftUpdateCheck = 1330;
				LastUpgradeCheck = 1330;
				TargetAttributes = {
					4991B1752823172600119DC1 = {
						CreatedOnToolsVersion = 13.3.1;
					};
					4991B18B2823175300119DC1 = {
						CreatedOnToolsVersion = 13.3.1;
					};
				};
			};
			buildConfigurationList = 4991B1712823172600119DC1 /* Build configuration list for PBXProject "VirtualCamera" */;
			compatibilityVersion = "Xcode 13.0";
			developmentRegion = en;
			hasScannedForEncodings = 0;
			knownRegions = (
				en,
				Base,
			);
			mainGroup = 4991B16D2823172600119DC1;
			productRefGroup = 4991B1772823172600119DC1 /* Products */;
			projectDirPath = "";
			projectRoot = "";
			targets = (
				4991B1752823172600119DC1 /* VirtualCamera */,
				4991B18B2823175300119DC1 /* AVExtension */,
			);
		};
/* End PBXProject section */

/* Begin PBXResourcesBuildPhase section */
		4991B1742823172600119DC1 /* Resources */ = {
			isa = PBXResourcesBuildPhase;
			buildActionMask = 2147483647;
			files = (
				4991B1812823172700119DC1 /* Preview Assets.xcassets in Resources */,
				4991B17E2823172700119DC1 /* Assets.xcassets in Resources */,
			);
			runOnlyForDeploymentPostprocessing = 0;
		};
		4991B18A2823175300119DC1 /* Resources */ = {
			isa = PBXResourcesBuildPhase;
			buildActionMask = 2147483647;
			files = (
			);
			runOnlyForDeploymentPostprocessing = 0;
		};
/* End PBXResourcesBuildPhase section */

/* Begin PBXShellScriptBuildPhase section */
		49394588282347A5005B8713 /* ShellScript */ = {
			isa = PBXShellScriptBuildPhase;
			buildActionMask = 2147483647;
			files = (
			);
			inputFileListPaths = (
			);
			inputPaths = (
			);
			outputFileListPaths = (
			);
			outputPaths = (
			);
			runOnlyForDeploymentPostprocessing = 0;
			shellPath = /bin/sh;
			shellScript = "#rm -rf /Applications/$TARGET_BUILD_DIR/$FULL_PRODUCT_NAME\ncp -r $TARGET_BUILD_DIR/$FULL_PRODUCT_NAME /Applications/\n";
		};
/* End PBXShellScriptBuildPhase section */

/* Begin PBXSourcesBuildPhase section */
		4991B1722823172600119DC1 /* Sources */ = {
			isa = PBXSourcesBuildPhase;
			buildActionMask = 2147483647;
			files = (
				4991B17C2823172600119DC1 /* ActivateExtensionView.swift in Sources */,
				4991B19E28233B5E00119DC1 /* SystemExtensionActivationRequestor.swift in Sources */,
				4991B17A2823172600119DC1 /* VirtualCameraApp.swift in Sources */,
			);
			runOnlyForDeploymentPostprocessing = 0;
		};
		4991B1882823175300119DC1 /* Sources */ = {
			isa = PBXSourcesBuildPhase;
			buildActionMask = 2147483647;
			files = (
				4991B1912823175300119DC1 /* main.swift in Sources */,
				4991B18F2823175300119DC1 /* VirtualCameraExtensionProvider.swift in Sources */,
			);
			runOnlyForDeploymentPostprocessing = 0;
		};
/* End PBXSourcesBuildPhase section */

/* Begin PBXTargetDependency section */
		4991B1952823175300119DC1 /* PBXTargetDependency */ = {
			isa = PBXTargetDependency;
			target = 4991B18B2823175300119DC1 /* AVExtension */;
			targetProxy = 4991B1942823175300119DC1 /* PBXContainerItemProxy */;
		};
/* End PBXTargetDependency section */

/* Begin XCBuildConfiguration section */
		4991B1832823172700119DC1 /* Debug */ = {
			isa = XCBuildConfiguration;
			buildSettings = {
				ALWAYS_SEARCH_USER_PATHS = NO;
				CLANG_ANALYZER_NONNULL = YES;
				CLANG_ANALYZER_NUMBER_OBJECT_CONVERSION = YES_AGGRESSIVE;
				CLANG_CXX_LANGUAGE_STANDARD = "gnu++17";
				CLANG_ENABLE_MODULES = YES;
				CLANG_ENABLE_OBJC_ARC = YES;
				CLANG_ENABLE_OBJC_WEAK = YES;
				CLANG_WARN_BLOCK_CAPTURE_AUTORELEASING = YES;
				CLANG_WARN_BOOL_CONVERSION = YES;
				CLANG_WARN_COMMA = YES;
				CLANG_WARN_CONSTANT_CONVERSION = YES;
				CLANG_WARN_DEPRECATED_OBJC_IMPLEMENTATIONS = YES;
				CLANG_WARN_DIRECT_OBJC_ISA_USAGE = YES_ERROR;
				CLANG_WARN_DOCUMENTATION_COMMENTS = YES;
				CLANG_WARN_EMPTY_BODY = YES;
				CLANG_WARN_ENUM_CONVERSION = YES;
				CLANG_WARN_INFINITE_RECURSION = YES;
				CLANG_WARN_INT_CONVERSION = YES;
				CLANG_WARN_NON_LITERAL_NULL_CONVERSION = YES;
				CLANG_WARN_OBJC_IMPLICIT_RETAIN_SELF = YES;
				CLANG_WARN_OBJC_LITERAL_CONVERSION = YES;
				CLANG_WARN_OBJC_ROOT_CLASS = YES_ERROR;
				CLANG_WARN_QUOTED_INCLUDE_IN_FRAMEWORK_HEADER = YES;
				CLANG_WARN_RANGE_LOOP_ANALYSIS = YES;
				CLANG_WARN_STRICT_PROTOTYPES = YES;
				CLANG_WARN_SUSPICIOUS_MOVE = YES;
				CLANG_WARN_UNGUARDED_AVAILABILITY = YES_AGGRESSIVE;
				CLANG_WARN_UNREACHABLE_CODE = YES;
				CLANG_WARN__DUPLICATE_METHOD_MATCH = YES;
				COPY_PHASE_STRIP = NO;
				DEBUG_INFORMATION_FORMAT = dwarf;
				ENABLE_STRICT_OBJC_MSGSEND = YES;
				ENABLE_TESTABILITY = YES;
				GCC_C_LANGUAGE_STANDARD = gnu11;
				GCC_DYNAMIC_NO_PIC = NO;
				GCC_NO_COMMON_BLOCKS = YES;
				GCC_OPTIMIZATION_LEVEL = 0;
				GCC_PREPROCESSOR_DEFINITIONS = (
					"DEBUG=1",
					"$(inherited)",
				);
				GCC_WARN_64_TO_32_BIT_CONVERSION = YES;
				GCC_WARN_ABOUT_RETURN_TYPE = YES_ERROR;
				GCC_WARN_UNDECLARED_SELECTOR = YES;
				GCC_WARN_UNINITIALIZED_AUTOS = YES_AGGRESSIVE;
				GCC_WARN_UNUSED_FUNCTION = YES;
				GCC_WARN_UNUSED_VARIABLE = YES;
				MACOSX_DEPLOYMENT_TARGET = 12.3;
				MTL_ENABLE_DEBUG_INFO = INCLUDE_SOURCE;
				MTL_FAST_MATH = YES;
				ONLY_ACTIVE_ARCH = YES;
				SDKROOT = macosx;
				SWIFT_ACTIVE_COMPILATION_CONDITIONS = DEBUG;
				SWIFT_OPTIMIZATION_LEVEL = "-Onone";
			};
			name = Debug;
		};
		4991B1842823172700119DC1 /* Release */ = {
			isa = XCBuildConfiguration;
			buildSettings = {
				ALWAYS_SEARCH_USER_PATHS = NO;
				CLANG_ANALYZER_NONNULL = YES;
				CLANG_ANALYZER_NUMBER_OBJECT_CONVERSION = YES_AGGRESSIVE;
				CLANG_CXX_LANGUAGE_STANDARD = "gnu++17";
				CLANG_ENABLE_MODULES = YES;
				CLANG_ENABLE_OBJC_ARC = YES;
				CLANG_ENABLE_OBJC_WEAK = YES;
				CLANG_WARN_BLOCK_CAPTURE_AUTORELEASING = YES;
				CLANG_WARN_BOOL_CONVERSION = YES;
				CLANG_WARN_COMMA = YES;
				CLANG_WARN_CONSTANT_CONVERSION = YES;
				CLANG_WARN_DEPRECATED_OBJC_IMPLEMENTATIONS = YES;
				CLANG_WARN_DIRECT_OBJC_ISA_USAGE = YES_ERROR;
				CLANG_WARN_DOCUMENTATION_COMMENTS = YES;
				CLANG_WARN_EMPTY_BODY = YES;
				CLANG_WARN_ENUM_CONVERSION = YES;
				CLANG_WARN_INFINITE_RECURSION = YES;
				CLANG_WARN_INT_CONVERSION = YES;
				CLANG_WARN_NON_LITERAL_NULL_CONVERSION = YES;
				CLANG_WARN_OBJC_IMPLICIT_RETAIN_SELF = YES;
				CLANG_WARN_OBJC_LITERAL_CONVERSION = YES;
				CLANG_WARN_OBJC_ROOT_CLASS = YES_ERROR;
				CLANG_WARN_QUOTED_INCLUDE_IN_FRAMEWORK_HEADER = YES;
				CLANG_WARN_RANGE_LOOP_ANALYSIS = YES;
				CLANG_WARN_STRICT_PROTOTYPES = YES;
				CLANG_WARN_SUSPICIOUS_MOVE = YES;
				CLANG_WARN_UNGUARDED_AVAILABILITY = YES_AGGRESSIVE;
				CLANG_WARN_UNREACHABLE_CODE = YES;
				CLANG_WARN__DUPLICATE_METHOD_MATCH = YES;
				COPY_PHASE_STRIP = NO;
				DEBUG_INFORMATION_FORMAT = "dwarf-with-dsym";
				ENABLE_NS_ASSERTIONS = NO;
				ENABLE_STRICT_OBJC_MSGSEND = YES;
				GCC_C_LANGUAGE_STANDARD = gnu11;
				GCC_NO_COMMON_BLOCKS = YES;
				GCC_WARN_64_TO_32_BIT_CONVERSION = YES;
				GCC_WARN_ABOUT_RETURN_TYPE = YES_ERROR;
				GCC_WARN_UNDECLARED_SELECTOR = YES;
				GCC_WARN_UNINITIALIZED_AUTOS = YES_AGGRESSIVE;
				GCC_WARN_UNUSED_FUNCTION = YES;
				GCC_WARN_UNUSED_VARIABLE = YES;
				MACOSX_DEPLOYMENT_TARGET = 12.3;
				MTL_ENABLE_DEBUG_INFO = NO;
				MTL_FAST_MATH = YES;
				SDKROOT = macosx;
				SWIFT_COMPILATION_MODE = wholemodule;
				SWIFT_OPTIMIZATION_LEVEL = "-O";
			};
			name = Release;
		};
		4991B1862823172700119DC1 /* Debug */ = {
			isa = XCBuildConfiguration;
			buildSettings = {
				ALWAYS_EMBED_SWIFT_STANDARD_LIBRARIES = YES;
				ASSETCATALOG_COMPILER_APPICON_NAME = AppIcon;
				ASSETCATALOG_COMPILER_GLOBAL_ACCENT_COLOR_NAME = AccentColor;
				CODE_SIGN_ENTITLEMENTS = VirtualCamera/VirtualCamera.entitlements;
				CODE_SIGN_STYLE = Automatic;
				COMBINE_HIDPI_IMAGES = YES;
				CURRENT_PROJECT_VERSION = 1;
				DEVELOPMENT_ASSET_PATHS = "\"VirtualCamera/Preview Content\"";
				DEVELOPMENT_TEAM = DDE4G723AJ;
				ENABLE_HARDENED_RUNTIME = YES;
				ENABLE_PREVIEWS = YES;
				GENERATE_INFOPLIST_FILE = YES;
				INFOPLIST_KEY_NSHumanReadableCopyright = "";
				LD_RUNPATH_SEARCH_PATHS = (
					"$(inherited)",
					"@executable_path/../Frameworks",
				);
				MARKETING_VERSION = 1.0;
				PRODUCT_BUNDLE_IDENTIFIER = com.darknoon.VirtualCamera;
				PRODUCT_NAME = "$(TARGET_NAME)";
				SWIFT_EMIT_LOC_STRINGS = YES;
				SWIFT_VERSION = 5.0;
			};
			name = Debug;
		};
		4991B1872823172700119DC1 /* Release */ = {
			isa = XCBuildConfiguration;
			buildSettings = {
				ALWAYS_EMBED_SWIFT_STANDARD_LIBRARIES = YES;
				ASSETCATALOG_COMPILER_APPICON_NAME = AppIcon;
				ASSETCATALOG_COMPILER_GLOBAL_ACCENT_COLOR_NAME = AccentColor;
				CODE_SIGN_ENTITLEMENTS = VirtualCamera/VirtualCamera.entitlements;
				CODE_SIGN_STYLE = Automatic;
				COMBINE_HIDPI_IMAGES = YES;
				CURRENT_PROJECT_VERSION = 1;
				DEVELOPMENT_ASSET_PATHS = "\"VirtualCamera/Preview Content\"";
				DEVELOPMENT_TEAM = DDE4G723AJ;
				ENABLE_HARDENED_RUNTIME = YES;
				ENABLE_PREVIEWS = YES;
				GENERATE_INFOPLIST_FILE = YES;
				INFOPLIST_KEY_NSHumanReadableCopyright = "";
				LD_RUNPATH_SEARCH_PATHS = (
					"$(inherited)",
					"@executable_path/../Frameworks",
				);
				MARKETING_VERSION = 1.0;
				PRODUCT_BUNDLE_IDENTIFIER = com.darknoon.VirtualCamera;
				PRODUCT_NAME = "$(TARGET_NAME)";
				SWIFT_EMIT_LOC_STRINGS = YES;
				SWIFT_VERSION = 5.0;
			};
			name = Release;
		};
		4991B1982823175300119DC1 /* Debug */ = {
			isa = XCBuildConfiguration;
			buildSettings = {
				CODE_SIGN_ENTITLEMENTS = VirtualCameraExtension/VirtualCameraExtension.entitlements;
				CODE_SIGN_STYLE = Automatic;
				CURRENT_PROJECT_VERSION = 1;
				DEVELOPMENT_TEAM = DDE4G723AJ;
				ENABLE_HARDENED_RUNTIME = YES;
				GENERATE_INFOPLIST_FILE = YES;
				INFOPLIST_FILE = VirtualCameraExtension/Info.plist;
				INFOPLIST_KEY_CFBundleDisplayName = "VirtualCamera AVExtension";
				INFOPLIST_KEY_NSHumanReadableCopyright = "";
				LD_RUNPATH_SEARCH_PATHS = (
					"$(inherited)",
					"@executable_path/../Frameworks",
					"@executable_path/../../../../Frameworks",
				);
				MACOSX_DEPLOYMENT_TARGET = 12.3;
				MARKETING_VERSION = 1.0;
				PRODUCT_BUNDLE_IDENTIFIER = com.darknoon.VirtualCamera.avextension;
				PRODUCT_NAME = "$(inherited)";
				SKIP_INSTALL = YES;
				SWIFT_EMIT_LOC_STRINGS = YES;
				SWIFT_VERSION = 5.0;
			};
			name = Debug;
		};
		4991B1992823175300119DC1 /* Release */ = {
			isa = XCBuildConfiguration;
			buildSettings = {
				CODE_SIGN_ENTITLEMENTS = VirtualCameraExtension/VirtualCameraExtension.entitlements;
				CODE_SIGN_STYLE = Automatic;
				CURRENT_PROJECT_VERSION = 1;
				DEVELOPMENT_TEAM = DDE4G723AJ;
				ENABLE_HARDENED_RUNTIME = YES;
				GENERATE_INFOPLIST_FILE = YES;
				INFOPLIST_FILE = VirtualCameraExtension/Info.plist;
				INFOPLIST_KEY_CFBundleDisplayName = "VirtualCamera AVExtension";
				INFOPLIST_KEY_NSHumanReadableCopyright = "";
				LD_RUNPATH_SEARCH_PATHS = (
					"$(inherited)",
					"@executable_path/../Frameworks",
					"@executable_path/../../../../Frameworks",
				);
				MACOSX_DEPLOYMENT_TARGET = 12.3;
				MARKETING_VERSION = 1.0;
				PRODUCT_BUNDLE_IDENTIFIER = com.darknoon.VirtualCamera.avextension;
				PRODUCT_NAME = "$(inherited)";
				SKIP_INSTALL = YES;
				SWIFT_EMIT_LOC_STRINGS = YES;
				SWIFT_VERSION = 5.0;
			};
			name = Release;
		};
/* End XCBuildConfiguration section */

/* Begin XCConfigurationList section */
		4991B1712823172600119DC1 /* Build configuration list for PBXProject "VirtualCamera" */ = {
			isa = XCConfigurationList;
			buildConfigurations = (
				4991B1832823172700119DC1 /* Debug */,
				4991B1842823172700119DC1 /* Release */,
			);
			defaultConfigurationIsVisible = 0;
			defaultConfigurationName = Release;
		};
		4991B1852823172700119DC1 /* Build configuration list for PBXNativeTarget "VirtualCamera" */ = {
			isa = XCConfigurationList;
			buildConfigurations = (
				4991B1862823172700119DC1 /* Debug */,
				4991B1872823172700119DC1 /* Release */,
			);
			defaultConfigurationIsVisible = 0;
			defaultConfigurationName = Release;
		};
		4991B1972823175300119DC1 /* Build configuration list for PBXNativeTarget "AVExtension" */ = {
			isa = XCConfigurationList;
			buildConfigurations = (
				4991B1982823175300119DC1 /* Debug */,
				4991B1992823175300119DC1 /* Release */,
			);
			defaultConfigurationIsVisible = 0;
			defaultConfigurationName = Release;
		};
/* End XCConfigurationList section */
	};
	rootObject = 4991B16E2823172600119DC1 /* Project object */;
}
